
Microsoft Visual Studio Solution File, Format Version 12.00
# Visual Studio Version 18
VisualStudioVersion = 18.6.11819.183 stable
MinimumVisualStudioVersion = 10.0.40219.1
Project("{FAE04EC0-301F-11D3-BF4B-00C04F79EFBC}") = "CafeAdisyon", "CafeAdisyon.csproj", "{799B53C3-C1B7-9DDD-FCD0-20579B092B8E}"
EndProject
Global
	GlobalSection(SolutionConfigurationPlatforms) = preSolution
		Debug|Any CPU = Debug|Any CPU
		Release|Any CPU = Release|Any CPU
	EndGlobalSection
	GlobalSection(ProjectConfigurationPlatforms) = postSolution
		{799B53C3-C1B7-9DDD-FCD0-20579B092B8E}.Debug|Any CPU.ActiveCfg = Debug|Any CPU
		{799B53C3-C1B7-9DDD-FCD0-20579B092B8E}.Debug|Any CPU.Build.0 = Debug|Any CPU
		{799B53C3-C1B7-9DDD-FCD0-20579B092B8E}.Release|Any CPU.ActiveCfg = Release|Any CPU
		{799B53C3-C1B7-9DDD-FCD0-20579B092B8E}.Release|Any CPU.Build.0 = Release|Any CPU
	EndGlobalSection
	GlobalSection(SolutionProperties) = preSolution
		HideSolutionNode = FALSE
	EndGlobalSection
	GlobalSection(ExtensibilityGlobals) = postSolution
		SolutionGuid = {02B73BAD-107E-4C27-861E-91ACA9DD5DF0}
	EndGlobalSection
EndGlobal
